
Microsoft Visual Studio Solution File, Format Version 12.00
# Visual Studio Version 17
VisualStudioVersion = 17.2.32516.85
MinimumVisualStudioVersion = 10.0.40219.1
Project("{FAE04EC0-301F-11D3-BF4B-00C04F79EFBC}") = "Mini_game_on_console_01", "Mini_game_on_console_01.csproj", "{3A80329D-6EB0-48D0-B62B-5F134C1DE989}"
EndProject
Global
	GlobalSection(SolutionConfigurationPlatforms) = preSolution
		Debug|Any CPU = Debug|Any CPU
		Release|Any CPU = Release|Any CPU
	EndGlobalSection
	GlobalSection(ProjectConfigurationPlatforms) = postSolution
		{3A80329D-6EB0-48D0-B62B-5F134C1DE989}.Debug|Any CPU.ActiveCfg = Debug|Any CPU
		{3A80329D-6EB0-48D0-B62B-5F134C1DE989}.Debug|Any CPU.Build.0 = Debug|Any CPU
		{3A80329D-6EB0-48D0-B62B-5F134C1DE989}.Release|Any CPU.ActiveCfg = Release|Any CPU
		{3A80329D-6EB0-48D0-B62B-5F134C1DE989}.Release|Any CPU.Build.0 = Release|Any CPU
	EndGlobalSection
	GlobalSection(SolutionProperties) = preSolution
		HideSolutionNode = FALSE
	EndGlobalSection
	GlobalSection(ExtensibilityGlobals) = postSolution
		SolutionGuid = {5B50A04D-ADCE-4A02-84B3-1A8D9FB05578}
	EndGlobalSection
EndGlobal
